
Microsoft Visual Studio Solution File, Format Version 12.00
# Visual Studio Version 17
VisualStudioVersion = 17.0.31903.59
MinimumVisualStudioVersion = 10.0.40219.1
Project("{FAE04EC0-301F-11D3-BF4B-00C04F79EFBC}") = "KarstenAssessmentApi", "KarstenAssessmentApi\KarstenAssessmentApi.csproj", "{20004C54-0461-4E01-BE96-F1E18EC525E2}"
EndProject
Project("{FAE04EC0-301F-11D3-BF4B-00C04F79EFBC}") = "KarstenAssessmentApi.Tests", "KarstenAssessmentApi.Tests\KarstenAssessmentApi.Tests.csproj", "{7A14B082-628A-4565-8561-89D3BEE94C1F}"
EndProject
Global
	GlobalSection(SolutionConfigurationPlatforms) = preSolution
		Debug|Any CPU = Debug|Any CPU
		Release|Any CPU = Release|Any CPU
	EndGlobalSection
	GlobalSection(SolutionProperties) = preSolution
		HideSolutionNode = FALSE
	EndGlobalSection
	GlobalSection(ProjectConfigurationPlatforms) = postSolution
		{20004C54-0461-4E01-BE96-F1E18EC525E2}.Debug|Any CPU.ActiveCfg = Debug|Any CPU
		{20004C54-0461-4E01-BE96-F1E18EC525E2}.Debug|Any CPU.Build.0 = Debug|Any CPU
		{20004C54-0461-4E01-BE96-F1E18EC525E2}.Release|Any CPU.ActiveCfg = Release|Any CPU
		{20004C54-0461-4E01-BE96-F1E18EC525E2}.Release|Any CPU.Build.0 = Release|Any CPU
		{7A14B082-628A-4565-8561-89D3BEE94C1F}.Debug|Any CPU.ActiveCfg = Debug|Any CPU
		{7A14B082-628A-4565-8561-89D3BEE94C1F}.Debug|Any CPU.Build.0 = Debug|Any CPU
		{7A14B082-628A-4565-8561-89D3BEE94C1F}.Release|Any CPU.ActiveCfg = Release|Any CPU
		{7A14B082-628A-4565-8561-89D3BEE94C1F}.Release|Any CPU.Build.0 = Release|Any CPU
	EndGlobalSection
EndGlobal
